
Microsoft Visual Studio Solution File, Format Version 12.00
# Visual Studio Version 16
VisualStudioVersion = 16.0.29911.84
MinimumVisualStudioVersion = 10.0.40219.1
Project("{FAE04EC0-301F-11D3-BF4B-00C04F79EFBC}") = "Importer", "Importer\Importer.csproj", "{368E23C4-9692-4E66-8AE1-EC76FA9DDB81}"
EndProject
Project("{FAE04EC0-301F-11D3-BF4B-00C04F79EFBC}") = "ImporterTests", "ImporterTests\ImporterTests.csproj", "{33DDC264-415F-4F58-8ACC-1151104F2D44}"
EndProject
Project("{2150E333-8FDC-42A3-9474-1A3956D46DE8}") = "Solution Items", "Solution Items", "{FC426F62-BBFB-4EC8-BBAF-E941F21E3DB2}"
	ProjectSection(SolutionItems) = preProject
		README.md = README.md
	EndProjectSection
EndProject
Global
	GlobalSection(SolutionConfigurationPlatforms) = preSolution
		Debug|Any CPU = Debug|Any CPU
		Release|Any CPU = Release|Any CPU
	EndGlobalSection
	GlobalSection(ProjectConfigurationPlatforms) = postSolution
		{368E23C4-9692-4E66-8AE1-EC76FA9DDB81}.Debug|Any CPU.ActiveCfg = Debug|Any CPU
		{368E23C4-9692-4E66-8AE1-EC76FA9DDB81}.Debug|Any CPU.Build.0 = Debug|Any CPU
		{368E23C4-9692-4E66-8AE1-EC76FA9DDB81}.Release|Any CPU.ActiveCfg = Release|Any CPU
		{368E23C4-9692-4E66-8AE1-EC76FA9DDB81}.Release|Any CPU.Build.0 = Release|Any CPU
		{33DDC264-415F-4F58-8ACC-1151104F2D44}.Debug|Any CPU.ActiveCfg = Debug|Any CPU
		{33DDC264-415F-4F58-8ACC-1151104F2D44}.Debug|Any CPU.Build.0 = Debug|Any CPU
		{33DDC264-415F-4F58-8ACC-1151104F2D44}.Release|Any CPU.ActiveCfg = Release|Any CPU
		{33DDC264-415F-4F58-8ACC-1151104F2D44}.Release|Any CPU.Build.0 = Release|Any CPU
	EndGlobalSection
	GlobalSection(SolutionProperties) = preSolution
		HideSolutionNode = FALSE
	EndGlobalSection
	GlobalSection(ExtensibilityGlobals) = postSolution
		SolutionGuid = {18009C8F-E9B5-4F29-8983-46CC694B7872}
	EndGlobalSection
EndGlobal
